{
  "name": "create-elm-app",
  "version": "0.0.0-development",
  "lockfileVersion": 1,
  "requires": true,
  "dependencies": {
    "elm-hot": {
      "version": "0.9.1",
      "resolved": "https://registry.npmjs.org/elm-hot/-/elm-hot-0.9.1.tgz",
      "integrity": "sha512-9K5HPiAc10IdpA1tpuH4khcuUx5ITCF4lXlUx8XPE4XMq0JBe1G0V6pqe0u4cE2vDJFIBb8f6TSfS3wFLW2Elw==",
      "dev": true
    },
    "elm-hot-webpack-loader": {
      "version": "1.0.0",
      "resolved": "https://registry.npmjs.org/elm-hot-webpack-loader/-/elm-hot-webpack-loader-1.0.0.tgz",
      "integrity": "sha512-xwc32WjKyXYKVFHoErFSt53wdOiCIz/IM90px91Ylrz11lKxYvI2G4lMmCNpMcn4vdVUaRatdDPJAhc9qvRzjQ==",
      "dev": true,
      "requires": {
        "elm-hot": "^0.9.1"
      }
    }
  }
}
